// !$*UTF8*$!
{
	archiveVersion = 1;
	classes = {
	};
	objectVersion = 77;
	objects = {

/* Begin PBXBuildFile section */
		851C389E2CF33D8D0016B995 /* EssentialFeed.framework in Frameworks */ = {isa = PBXBuildFile; fileRef = 85824C672CDA49C1005D5D19 /* EssentialFeed.framework */; };
		85824C9E2CE0D435005D5D19 /* EssentialFeed.framework in Frameworks */ = {isa = PBXBuildFile; fileRef = 85824C672CDA49C1005D5D19 /* EssentialFeed.framework */; };
		859D543B2CFF0403001E9F0A /* EssentialFeediOS.framework in Frameworks */ = {isa = PBXBuildFile; fileRef = 859D54312CFF0403001E9F0A /* EssentialFeediOS.framework */; };
		859D54CB2CFF28DC001E9F0A /* EssentialFeed.framework in Frameworks */ = {isa = PBXBuildFile; fileRef = 85824C672CDA49C1005D5D19 /* EssentialFeed.framework */; platformFilter = ios; };
		85CC3FE52CE4B73900A5C7FA /* EssentialFeed.framework in Frameworks */ = {isa = PBXBuildFile; fileRef = 85824C672CDA49C1005D5D19 /* EssentialFeed.framework */; };
/* End PBXBuildFile section */

/* Begin PBXContainerItemProxy section */
		851C389F2CF33D8D0016B995 /* PBXContainerItemProxy */ = {
			isa = PBXContainerItemProxy;
			containerPortal = 85824C5E2CDA49C1005D5D19 /* Project object */;
			proxyType = 1;
			remoteGlobalIDString = 85824C662CDA49C1005D5D19;
			remoteInfo = EssentialFeed;
		};
		85824C9F2CE0D435005D5D19 /* PBXContainerItemProxy */ = {
			isa = PBXContainerItemProxy;
			containerPortal = 85824C5E2CDA49C1005D5D19 /* Project object */;
			proxyType = 1;
			remoteGlobalIDString = 85824C662CDA49C1005D5D19;
			remoteInfo = EssentialFeed;
		};
		859D543C2CFF0403001E9F0A /* PBXContainerItemProxy */ = {
			isa = PBXContainerItemProxy;
			containerPortal = 85824C5E2CDA49C1005D5D19 /* Project object */;
			proxyType = 1;
			remoteGlobalIDString = 859D54302CFF0403001E9F0A;
			remoteInfo = EssentialFeediOS;
		};
		859D54CD2CFF28DC001E9F0A /* PBXContainerItemProxy */ = {
			isa = PBXContainerItemProxy;
			containerPortal = 85824C5E2CDA49C1005D5D19 /* Project object */;
			proxyType = 1;
			remoteGlobalIDString = 85824C662CDA49C1005D5D19;
			remoteInfo = EssentialFeed;
		};
		85CC3FE62CE4B73900A5C7FA /* PBXContainerItemProxy */ = {
			isa = PBXContainerItemProxy;
			containerPortal = 85824C5E2CDA49C1005D5D19 /* Project object */;
			proxyType = 1;
			remoteGlobalIDString = 85824C662CDA49C1005D5D19;
			remoteInfo = EssentialFeed;
		};
/* End PBXContainerItemProxy section */

/* Begin PBXFileReference section */
		851C389A2CF33D8D0016B995 /* EssentialFeedCacheIntegrationTests.xctest */ = {isa = PBXFileReference; explicitFileType = wrapper.cfbundle; includeInIndex = 0; path = EssentialFeedCacheIntegrationTests.xctest; sourceTree = BUILT_PRODUCTS_DIR; };
		85824C672CDA49C1005D5D19 /* EssentialFeed.framework */ = {isa = PBXFileReference; explicitFileType = wrapper.framework; includeInIndex = 0; path = EssentialFeed.framework; sourceTree = BUILT_PRODUCTS_DIR; };
		85824C9A2CE0D435005D5D19 /* EssentialFeedTests.xctest */ = {isa = PBXFileReference; explicitFileType = wrapper.cfbundle; includeInIndex = 0; path = EssentialFeedTests.xctest; sourceTree = BUILT_PRODUCTS_DIR; };
		8583F8342D1C0DA5004B9D61 /* CI_macOS.xctestplan */ = {isa = PBXFileReference; lastKnownFileType = text; path = CI_macOS.xctestplan; sourceTree = "<group>"; };
		859C63992CE4BDA700777ED8 /* CI_iOS.xctestplan */ = {isa = PBXFileReference; lastKnownFileType = text; path = CI_iOS.xctestplan; sourceTree = "<group>"; };
		859D54312CFF0403001E9F0A /* EssentialFeediOS.framework */ = {isa = PBXFileReference; explicitFileType = wrapper.framework; includeInIndex = 0; path = EssentialFeediOS.framework; sourceTree = BUILT_PRODUCTS_DIR; };
		859D543A2CFF0403001E9F0A /* EssentialFeediOSTests.xctest */ = {isa = PBXFileReference; explicitFileType = wrapper.cfbundle; includeInIndex = 0; path = EssentialFeediOSTests.xctest; sourceTree = BUILT_PRODUCTS_DIR; };
		85CC3FE12CE4B73900A5C7FA /* EssentialFeedAPIEndToEndTests.xctest */ = {isa = PBXFileReference; explicitFileType = wrapper.cfbundle; includeInIndex = 0; path = EssentialFeedAPIEndToEndTests.xctest; sourceTree = BUILT_PRODUCTS_DIR; };
/* End PBXFileReference section */

/* Begin PBXFileSystemSynchronizedBuildFileExceptionSet section */
		851C38A52CF33EC50016B995 /* Exceptions for "EssentialFeedTests" folder in "EssentialFeedCacheIntegrationTests" target */ = {
			isa = PBXFileSystemSynchronizedBuildFileExceptionSet;
			membershipExceptions = (
				"Feed Cache/Helpers/FeedCacheTestHelpersFile.swift",
				Helpers/SharedTestHelpers.swift,
				"Helpers/XCTestCase+MemoryLeakTrackingHelper.swift",
			);
			target = 851C38992CF33D8D0016B995 /* EssentialFeedCacheIntegrationTests */;
		};
		85824C792CDA49C1005D5D19 /* Exceptions for "EssentialFeed" folder in "EssentialFeed" target */ = {
			isa = PBXFileSystemSynchronizedBuildFileExceptionSet;
			publicHeaders = (
				EssentialFeed.h,
			);
			target = 85824C662CDA49C1005D5D19 /* EssentialFeed */;
		};
		859C63792CE4BC2800777ED8 /* Exceptions for "EssentialFeedTests" folder in "EssentialFeedAPIEndToEndTests" target */ = {
			isa = PBXFileSystemSynchronizedBuildFileExceptionSet;
			membershipExceptions = (
				Helpers/SharedTestHelpers.swift,
				"Helpers/XCTestCase+MemoryLeakTrackingHelper.swift",
			);
			target = 85CC3FE02CE4B73900A5C7FA /* EssentialFeedAPIEndToEndTests */;
		};
		859D54D12CFF298A001E9F0A /* Exceptions for "EssentialFeedTests" folder in "EssentialFeediOSTests" target */ = {
			isa = PBXFileSystemSynchronizedBuildFileExceptionSet;
			membershipExceptions = (
				"Helpers/XCTestCase+MemoryLeakTrackingHelper.swift",
			);
			target = 859D54392CFF0403001E9F0A /* EssentialFeediOSTests */;
		};
/* End PBXFileSystemSynchronizedBuildFileExceptionSet section */

/* Begin PBXFileSystemSynchronizedRootGroup section */
		851C389B2CF33D8D0016B995 /* EssentialFeedCacheIntegrationTests */ = {
			isa = PBXFileSystemSynchronizedRootGroup;
			path = EssentialFeedCacheIntegrationTests;
			sourceTree = "<group>";
		};
		85824C692CDA49C1005D5D19 /* EssentialFeed */ = {
			isa = PBXFileSystemSynchronizedRootGroup;
			exceptions = (
				85824C792CDA49C1005D5D19 /* Exceptions for "EssentialFeed" folder in "EssentialFeed" target */,
			);
			path = EssentialFeed;
			sourceTree = "<group>";
		};
		85824C9B2CE0D435005D5D19 /* EssentialFeedTests */ = {
			isa = PBXFileSystemSynchronizedRootGroup;
			exceptions = (
				859C63792CE4BC2800777ED8 /* Exceptions for "EssentialFeedTests" folder in "EssentialFeedAPIEndToEndTests" target */,
				851C38A52CF33EC50016B995 /* Exceptions for "EssentialFeedTests" folder in "EssentialFeedCacheIntegrationTests" target */,
				859D54D12CFF298A001E9F0A /* Exceptions for "EssentialFeedTests" folder in "EssentialFeediOSTests" target */,
			);
			path = EssentialFeedTests;
			sourceTree = "<group>";
		};
		859D54322CFF0403001E9F0A /* EssentialFeediOS */ = {
			isa = PBXFileSystemSynchronizedRootGroup;
			path = EssentialFeediOS;
			sourceTree = "<group>";
		};
		859D543E2CFF0403001E9F0A /* EssentialFeediOSTests */ = {
			isa = PBXFileSystemSynchronizedRootGroup;
			path = EssentialFeediOSTests;
			sourceTree = "<group>";
		};
		85CC3FE22CE4B73900A5C7FA /* EssentialFeedAPIEndToEndTests */ = {
			isa = PBXFileSystemSynchronizedRootGroup;
			path = EssentialFeedAPIEndToEndTests;
			sourceTree = "<group>";
		};
/* End PBXFileSystemSynchronizedRootGroup section */

/* Begin PBXFrameworksBuildPhase section */
		851C38972CF33D8D0016B995 /* Frameworks */ = {
			isa = PBXFrameworksBuildPhase;
			buildActionMask = 2147483647;
			files = (
				851C389E2CF33D8D0016B995 /* EssentialFeed.framework in Frameworks */,
			);
			runOnlyForDeploymentPostprocessing = 0;
		};
		85824C642CDA49C1005D5D19 /* Frameworks */ = {
			isa = PBXFrameworksBuildPhase;
			buildActionMask = 2147483647;
			files = (
			);
			runOnlyForDeploymentPostprocessing = 0;
		};
		85824C972CE0D435005D5D19 /* Frameworks */ = {
			isa = PBXFrameworksBuildPhase;
			buildActionMask = 2147483647;
			files = (
				85824C9E2CE0D435005D5D19 /* EssentialFeed.framework in Frameworks */,
			);
			runOnlyForDeploymentPostprocessing = 0;
		};
		859D542E2CFF0403001E9F0A /* Frameworks */ = {
			isa = PBXFrameworksBuildPhase;
			buildActionMask = 2147483647;
			files = (
				859D54CB2CFF28DC001E9F0A /* EssentialFeed.framework in Frameworks */,
			);
			runOnlyForDeploymentPostprocessing = 0;
		};
		859D54372CFF0403001E9F0A /* Frameworks */ = {
			isa = PBXFrameworksBuildPhase;
			buildActionMask = 2147483647;
			files = (
				859D543B2CFF0403001E9F0A /* EssentialFeediOS.framework in Frameworks */,
			);
			runOnlyForDeploymentPostprocessing = 0;
		};
		85CC3FDE2CE4B73900A5C7FA /* Frameworks */ = {
			isa = PBXFrameworksBuildPhase;
			buildActionMask = 2147483647;
			files = (
				85CC3FE52CE4B73900A5C7FA /* EssentialFeed.framework in Frameworks */,
			);
			runOnlyForDeploymentPostprocessing = 0;
		};
/* End PBXFrameworksBuildPhase section */

/* Begin PBXGroup section */
		85824C5D2CDA49C1005D5D19 = {
			isa = PBXGroup;
			children = (
				859C63992CE4BDA700777ED8 /* CI_iOS.xctestplan */,
				8583F8342D1C0DA5004B9D61 /* CI_macOS.xctestplan */,
				85824C692CDA49C1005D5D19 /* EssentialFeed */,
				85824C9B2CE0D435005D5D19 /* EssentialFeedTests */,
				85CC3FE22CE4B73900A5C7FA /* EssentialFeedAPIEndToEndTests */,
				851C389B2CF33D8D0016B995 /* EssentialFeedCacheIntegrationTests */,
				859D54322CFF0403001E9F0A /* EssentialFeediOS */,
				859D543E2CFF0403001E9F0A /* EssentialFeediOSTests */,
				859D54CA2CFF28DC001E9F0A /* Frameworks */,
				85824C682CDA49C1005D5D19 /* Products */,
			);
			sourceTree = "<group>";
		};
		85824C682CDA49C1005D5D19 /* Products */ = {
			isa = PBXGroup;
			children = (
				85824C672CDA49C1005D5D19 /* EssentialFeed.framework */,
				85824C9A2CE0D435005D5D19 /* EssentialFeedTests.xctest */,
				85CC3FE12CE4B73900A5C7FA /* EssentialFeedAPIEndToEndTests.xctest */,
				851C389A2CF33D8D0016B995 /* EssentialFeedCacheIntegrationTests.xctest */,
				859D54312CFF0403001E9F0A /* EssentialFeediOS.framework */,
				859D543A2CFF0403001E9F0A /* EssentialFeediOSTests.xctest */,
			);
			name = Products;
			sourceTree = "<group>";
		};
		859D54CA2CFF28DC001E9F0A /* Frameworks */ = {
			isa = PBXGroup;
			children = (
			);
			name = Frameworks;
			sourceTree = "<group>";
		};
/* End PBXGroup section */

/* Begin PBXHeadersBuildPhase section */
		85824C622CDA49C1005D5D19 /* Headers */ = {
			isa = PBXHeadersBuildPhase;
			buildActionMask = 2147483647;
			files = (
			);
			runOnlyForDeploymentPostprocessing = 0;
		};
		859D542C2CFF0403001E9F0A /* Headers */ = {
			isa = PBXHeadersBuildPhase;
			buildActionMask = 2147483647;
			files = (
			);
			runOnlyForDeploymentPostprocessing = 0;
		};
/* End PBXHeadersBuildPhase section */

/* Begin PBXNativeTarget section */
		851C38992CF33D8D0016B995 /* EssentialFeedCacheIntegrationTests */ = {
			isa = PBXNativeTarget;
			buildConfigurationList = 851C38A32CF33D8D0016B995 /* Build configuration list for PBXNativeTarget "EssentialFeedCacheIntegrationTests" */;
			buildPhases = (
				851C38962CF33D8D0016B995 /* Sources */,
				851C38972CF33D8D0016B995 /* Frameworks */,
				851C38982CF33D8D0016B995 /* Resources */,
			);
			buildRules = (
			);
			dependencies = (
				851C38A02CF33D8D0016B995 /* PBXTargetDependency */,
			);
			fileSystemSynchronizedGroups = (
				851C389B2CF33D8D0016B995 /* EssentialFeedCacheIntegrationTests */,
			);
			name = EssentialFeedCacheIntegrationTests;
			packageProductDependencies = (
			);
			productName = EssentialFeedCacheIntegrationTests;
			productReference = 851C389A2CF33D8D0016B995 /* EssentialFeedCacheIntegrationTests.xctest */;
			productType = "com.apple.product-type.bundle.unit-test";
		};
		85824C662CDA49C1005D5D19 /* EssentialFeed */ = {
			isa = PBXNativeTarget;
			buildConfigurationList = 85824C7A2CDA49C1005D5D19 /* Build configuration list for PBXNativeTarget "EssentialFeed" */;
			buildPhases = (
				85824C622CDA49C1005D5D19 /* Headers */,
				85824C632CDA49C1005D5D19 /* Sources */,
				85824C642CDA49C1005D5D19 /* Frameworks */,
				85824C652CDA49C1005D5D19 /* Resources */,
			);
			buildRules = (
			);
			dependencies = (
			);
			fileSystemSynchronizedGroups = (
				85824C692CDA49C1005D5D19 /* EssentialFeed */,
			);
			name = EssentialFeed;
			packageProductDependencies = (
			);
			productName = EssentialFeed;
			productReference = 85824C672CDA49C1005D5D19 /* EssentialFeed.framework */;
			productType = "com.apple.product-type.framework";
		};
		85824C992CE0D435005D5D19 /* EssentialFeedTests */ = {
			isa = PBXNativeTarget;
			buildConfigurationList = 85824CA12CE0D435005D5D19 /* Build configuration list for PBXNativeTarget "EssentialFeedTests" */;
			buildPhases = (
				85824C962CE0D435005D5D19 /* Sources */,
				85824C972CE0D435005D5D19 /* Frameworks */,
				85824C982CE0D435005D5D19 /* Resources */,
			);
			buildRules = (
			);
			dependencies = (
				85824CA02CE0D435005D5D19 /* PBXTargetDependency */,
			);
			fileSystemSynchronizedGroups = (
				85824C9B2CE0D435005D5D19 /* EssentialFeedTests */,
			);
			name = EssentialFeedTests;
			packageProductDependencies = (
			);
			productName = EssentialFeedTests;
			productReference = 85824C9A2CE0D435005D5D19 /* EssentialFeedTests.xctest */;
			productType = "com.apple.product-type.bundle.unit-test";
		};
		859D54302CFF0403001E9F0A /* EssentialFeediOS */ = {
			isa = PBXNativeTarget;
			buildConfigurationList = 859D54432CFF0403001E9F0A /* Build configuration list for PBXNativeTarget "EssentialFeediOS" */;
			buildPhases = (
				859D542C2CFF0403001E9F0A /* Headers */,
				859D542D2CFF0403001E9F0A /* Sources */,
				859D542E2CFF0403001E9F0A /* Frameworks */,
				859D542F2CFF0403001E9F0A /* Resources */,
			);
			buildRules = (
			);
			dependencies = (
				859D54CE2CFF28DC001E9F0A /* PBXTargetDependency */,
			);
			fileSystemSynchronizedGroups = (
				859D54322CFF0403001E9F0A /* EssentialFeediOS */,
			);
			name = EssentialFeediOS;
			packageProductDependencies = (
			);
			productName = EssentialFeediOS;
			productReference = 859D54312CFF0403001E9F0A /* EssentialFeediOS.framework */;
			productType = "com.apple.product-type.framework";
		};
		859D54392CFF0403001E9F0A /* EssentialFeediOSTests */ = {
			isa = PBXNativeTarget;
			buildConfigurationList = 859D54462CFF0403001E9F0A /* Build configuration list for PBXNativeTarget "EssentialFeediOSTests" */;
			buildPhases = (
				859D54362CFF0403001E9F0A /* Sources */,
				859D54372CFF0403001E9F0A /* Frameworks */,
				859D54382CFF0403001E9F0A /* Resources */,
			);
			buildRules = (
			);
			dependencies = (
				859D543D2CFF0403001E9F0A /* PBXTargetDependency */,
			);
			fileSystemSynchronizedGroups = (
				859D543E2CFF0403001E9F0A /* EssentialFeediOSTests */,
			);
			name = EssentialFeediOSTests;
			packageProductDependencies = (
			);
			productName = EssentialFeediOSTests;
			productReference = 859D543A2CFF0403001E9F0A /* EssentialFeediOSTests.xctest */;
			productType = "com.apple.product-type.bundle.unit-test";
		};
		85CC3FE02CE4B73900A5C7FA /* EssentialFeedAPIEndToEndTests */ = {
			isa = PBXNativeTarget;
			buildConfigurationList = 85CC3FE82CE4B73900A5C7FA /* Build configuration list for PBXNativeTarget "EssentialFeedAPIEndToEndTests" */;
			buildPhases = (
				85CC3FDD2CE4B73900A5C7FA /* Sources */,
				85CC3FDE2CE4B73900A5C7FA /* Frameworks */,
				85CC3FDF2CE4B73900A5C7FA /* Resources */,
			);
			buildRules = (
			);
			dependencies = (
				85CC3FE72CE4B73900A5C7FA /* PBXTargetDependency */,
			);
			fileSystemSynchronizedGroups = (
				85CC3FE22CE4B73900A5C7FA /* EssentialFeedAPIEndToEndTests */,
			);
			name = EssentialFeedAPIEndToEndTests;
			packageProductDependencies = (
			);
			productName = EssentialFeedAPIEndToEndTests;
			productReference = 85CC3FE12CE4B73900A5C7FA /* EssentialFeedAPIEndToEndTests.xctest */;
			productType = "com.apple.product-type.bundle.unit-test";
		};
/* End PBXNativeTarget section */

/* Begin PBXProject section */
		85824C5E2CDA49C1005D5D19 /* Project object */ = {
			isa = PBXProject;
			attributes = {
				BuildIndependentTargetsInParallel = 1;
				LastSwiftUpdateCheck = 1600;
				LastUpgradeCheck = 1600;
				TargetAttributes = {
					851C38992CF33D8D0016B995 = {
						CreatedOnToolsVersion = 16.0;
					};
					85824C662CDA49C1005D5D19 = {
						CreatedOnToolsVersion = 16.0;
					};
					85824C992CE0D435005D5D19 = {
						CreatedOnToolsVersion = 16.0;
					};
					859D54302CFF0403001E9F0A = {
						CreatedOnToolsVersion = 16.0;
					};
					859D54392CFF0403001E9F0A = {
						CreatedOnToolsVersion = 16.0;
						LastSwiftMigration = 1600;
					};
					85CC3FE02CE4B73900A5C7FA = {
						CreatedOnToolsVersion = 16.0;
					};
				};
			};
			buildConfigurationList = 85824C612CDA49C1005D5D19 /* Build configuration list for PBXProject "EssentialFeed" */;
			developmentRegion = en;
			hasScannedForEncodings = 0;
			knownRegions = (
				en,
				Base,
				"pt-BR",
				el,
			);
			mainGroup = 85824C5D2CDA49C1005D5D19;
			minimizedProjectReferenceProxies = 1;
			preferredProjectObjectVersion = 77;
			productRefGroup = 85824C682CDA49C1005D5D19 /* Products */;
			projectDirPath = "";
			projectRoot = "";
			targets = (
				85824C662CDA49C1005D5D19 /* EssentialFeed */,
				85824C992CE0D435005D5D19 /* EssentialFeedTests */,
				85CC3FE02CE4B73900A5C7FA /* EssentialFeedAPIEndToEndTests */,
				851C38992CF33D8D0016B995 /* EssentialFeedCacheIntegrationTests */,
				859D54302CFF0403001E9F0A /* EssentialFeediOS */,
				859D54392CFF0403001E9F0A /* EssentialFeediOSTests */,
			);
		};
/* End PBXProject section */

/* Begin PBXResourcesBuildPhase section */
		851C38982CF33D8D0016B995 /* Resources */ = {
			isa = PBXResourcesBuildPhase;
			buildActionMask = 2147483647;
			files = (
			);
			runOnlyForDeploymentPostprocessing = 0;
		};
		85824C652CDA49C1005D5D19 /* Resources */ = {
			isa = PBXResourcesBuildPhase;
			buildActionMask = 2147483647;
			files = (
			);
			runOnlyForDeploymentPostprocessing = 0;
		};
		85824C982CE0D435005D5D19 /* Resources */ = {
			isa = PBXResourcesBuildPhase;
			buildActionMask = 2147483647;
			files = (
			);
			runOnlyForDeploymentPostprocessing = 0;
		};
		859D542F2CFF0403001E9F0A /* Resources */ = {
			isa = PBXResourcesBuildPhase;
			buildActionMask = 2147483647;
			files = (
			);
			runOnlyForDeploymentPostprocessing = 0;
		};
		859D54382CFF0403001E9F0A /* Resources */ = {
			isa = PBXResourcesBuildPhase;
			buildActionMask = 2147483647;
			files = (
			);
			runOnlyForDeploymentPostprocessing = 0;
		};
		85CC3FDF2CE4B73900A5C7FA /* Resources */ = {
			isa = PBXResourcesBuildPhase;
			buildActionMask = 2147483647;
			files = (
			);
			runOnlyForDeploymentPostprocessing = 0;
		};
/* End PBXResourcesBuildPhase section */

/* Begin PBXSourcesBuildPhase section */
		851C38962CF33D8D0016B995 /* Sources */ = {
			isa = PBXSourcesBuildPhase;
			buildActionMask = 2147483647;
			files = (
			);
			runOnlyForDeploymentPostprocessing = 0;
		};
		85824C632CDA49C1005D5D19 /* Sources */ = {
			isa = PBXSourcesBuildPhase;
			buildActionMask = 2147483647;
			files = (
			);
			runOnlyForDeploymentPostprocessing = 0;
		};
		85824C962CE0D435005D5D19 /* Sources */ = {
			isa = PBXSourcesBuildPhase;
			buildActionMask = 2147483647;
			files = (
			);
			runOnlyForDeploymentPostprocessing = 0;
		};
		859D542D2CFF0403001E9F0A /* Sources */ = {
			isa = PBXSourcesBuildPhase;
			buildActionMask = 2147483647;
			files = (
			);
			runOnlyForDeploymentPostprocessing = 0;
		};
		859D54362CFF0403001E9F0A /* Sources */ = {
			isa = PBXSourcesBuildPhase;
			buildActionMask = 2147483647;
			files = (
			);
			runOnlyForDeploymentPostprocessing = 0;
		};
		85CC3FDD2CE4B73900A5C7FA /* Sources */ = {
			isa = PBXSourcesBuildPhase;
			buildActionMask = 2147483647;
			files = (
			);
			runOnlyForDeploymentPostprocessing = 0;
		};
/* End PBXSourcesBuildPhase section */

/* Begin PBXTargetDependency section */
		851C38A02CF33D8D0016B995 /* PBXTargetDependency */ = {
			isa = PBXTargetDependency;
			target = 85824C662CDA49C1005D5D19 /* EssentialFeed */;
			targetProxy = 851C389F2CF33D8D0016B995 /* PBXContainerItemProxy */;
		};
		85824CA02CE0D435005D5D19 /* PBXTargetDependency */ = {
			isa = PBXTargetDependency;
			target = 85824C662CDA49C1005D5D19 /* EssentialFeed */;
			targetProxy = 85824C9F2CE0D435005D5D19 /* PBXContainerItemProxy */;
		};
		859D543D2CFF0403001E9F0A /* PBXTargetDependency */ = {
			isa = PBXTargetDependency;
			target = 859D54302CFF0403001E9F0A /* EssentialFeediOS */;
			targetProxy = 859D543C2CFF0403001E9F0A /* PBXContainerItemProxy */;
		};
		859D54CE2CFF28DC001E9F0A /* PBXTargetDependency */ = {
			isa = PBXTargetDependency;
			platformFilter = ios;
			target = 85824C662CDA49C1005D5D19 /* EssentialFeed */;
			targetProxy = 859D54CD2CFF28DC001E9F0A /* PBXContainerItemProxy */;
		};
		85CC3FE72CE4B73900A5C7FA /* PBXTargetDependency */ = {
			isa = PBXTargetDependency;
			target = 85824C662CDA49C1005D5D19 /* EssentialFeed */;
			targetProxy = 85CC3FE62CE4B73900A5C7FA /* PBXContainerItemProxy */;
		};
/* End PBXTargetDependency section */

/* Begin XCBuildConfiguration section */
		851C38A12CF33D8D0016B995 /* Debug */ = {
			isa = XCBuildConfiguration;
			buildSettings = {
				CODE_SIGN_STYLE = Automatic;
				CURRENT_PROJECT_VERSION = 1;
				GENERATE_INFOPLIST_FILE = YES;
				MARKETING_VERSION = 1.0;
				PRODUCT_BUNDLE_IDENTIFIER = com.EssentialFeedCacheIntegrationTests;
				PRODUCT_NAME = "$(TARGET_NAME)";
				SUPPORTED_PLATFORMS = "macosx iphoneos iphonesimulator";
				SWIFT_EMIT_LOC_STRINGS = NO;
				SWIFT_VERSION = 5.0;
			};
			name = Debug;
		};
		851C38A22CF33D8D0016B995 /* Release */ = {
			isa = XCBuildConfiguration;
			buildSettings = {
				CODE_SIGN_STYLE = Automatic;
				CURRENT_PROJECT_VERSION = 1;
				GENERATE_INFOPLIST_FILE = YES;
				MARKETING_VERSION = 1.0;
				PRODUCT_BUNDLE_IDENTIFIER = com.EssentialFeedCacheIntegrationTests;
				PRODUCT_NAME = "$(TARGET_NAME)";
				SUPPORTED_PLATFORMS = "macosx iphoneos iphonesimulator";
				SWIFT_EMIT_LOC_STRINGS = NO;
				SWIFT_VERSION = 5.0;
			};
			name = Release;
		};
		85824C7B2CDA49C1005D5D19 /* Debug */ = {
			isa = XCBuildConfiguration;
			buildSettings = {
				BUILD_LIBRARY_FOR_DISTRIBUTION = YES;
				CODE_SIGN_IDENTITY = "Apple Development";
				CODE_SIGN_STYLE = Automatic;
				COMBINE_HIDPI_IMAGES = YES;
				CURRENT_PROJECT_VERSION = 1;
				DEFINES_MODULE = YES;
				DEVELOPMENT_TEAM = R93AWAT28J;
				DYLIB_COMPATIBILITY_VERSION = 1;
				DYLIB_CURRENT_VERSION = 1;
				DYLIB_INSTALL_NAME_BASE = "@rpath";
				ENABLE_MODULE_VERIFIER = YES;
				GENERATE_INFOPLIST_FILE = YES;
				INFOPLIST_KEY_NSHumanReadableCopyright = "";
				INSTALL_PATH = "$(LOCAL_LIBRARY_DIR)/Frameworks";
				IPHONEOS_DEPLOYMENT_TARGET = 15.6;
				LD_RUNPATH_SEARCH_PATHS = (
					"$(inherited)",
					"@executable_path/../Frameworks",
					"@loader_path/Frameworks",
				);
				MARKETING_VERSION = 1.0;
				MODULE_VERIFIER_SUPPORTED_LANGUAGES = "objective-c objective-c++";
				MODULE_VERIFIER_SUPPORTED_LANGUAGE_STANDARDS = "gnu17 gnu++20";
				PRODUCT_BUNDLE_IDENTIFIER = com.EssentialFeed;
				PRODUCT_NAME = "$(TARGET_NAME:c99extidentifier)";
				SKIP_INSTALL = YES;
				SUPPORTED_PLATFORMS = "macosx iphoneos iphonesimulator";
				SWIFT_EMIT_LOC_STRINGS = YES;
				SWIFT_INSTALL_OBJC_HEADER = NO;
				SWIFT_VERSION = 5.0;
			};
			name = Debug;
		};
		85824C7C2CDA49C1005D5D19 /* Release */ = {
			isa = XCBuildConfiguration;
			buildSettings = {
				BUILD_LIBRARY_FOR_DISTRIBUTION = YES;
				CODE_SIGN_STYLE = Automatic;
				COMBINE_HIDPI_IMAGES = YES;
				CURRENT_PROJECT_VERSION = 1;
				DEFINES_MODULE = YES;
				DEVELOPMENT_TEAM = R93AWAT28J;
				DYLIB_COMPATIBILITY_VERSION = 1;
				DYLIB_CURRENT_VERSION = 1;
				DYLIB_INSTALL_NAME_BASE = "@rpath";
				ENABLE_MODULE_VERIFIER = YES;
				GENERATE_INFOPLIST_FILE = YES;
				INFOPLIST_KEY_NSHumanReadableCopyright = "";
				INSTALL_PATH = "$(LOCAL_LIBRARY_DIR)/Frameworks";
				IPHONEOS_DEPLOYMENT_TARGET = 15.6;
				LD_RUNPATH_SEARCH_PATHS = (
					"$(inherited)",
					"@executable_path/../Frameworks",
					"@loader_path/Frameworks",
				);
				MARKETING_VERSION = 1.0;
				MODULE_VERIFIER_SUPPORTED_LANGUAGES = "objective-c objective-c++";
				MODULE_VERIFIER_SUPPORTED_LANGUAGE_STANDARDS = "gnu17 gnu++20";
				PRODUCT_BUNDLE_IDENTIFIER = com.EssentialFeed;
				PRODUCT_NAME = "$(TARGET_NAME:c99extidentifier)";
				SKIP_INSTALL = YES;
				SUPPORTED_PLATFORMS = "macosx iphoneos iphonesimulator";
				SWIFT_EMIT_LOC_STRINGS = YES;
				SWIFT_INSTALL_OBJC_HEADER = NO;
				SWIFT_VERSION = 5.0;
			};
			name = Release;
		};
		85824C7D2CDA49C1005D5D19 /* Debug */ = {
			isa = XCBuildConfiguration;
			buildSettings = {
				ALWAYS_SEARCH_USER_PATHS = NO;
				ASSETCATALOG_COMPILER_GENERATE_SWIFT_ASSET_SYMBOL_EXTENSIONS = YES;
				CLANG_ANALYZER_LOCALIZABILITY_NONLOCALIZED = YES;
				CLANG_ANALYZER_NONNULL = YES;
				CLANG_ANALYZER_NUMBER_OBJECT_CONVERSION = YES_AGGRESSIVE;
				CLANG_CXX_LANGUAGE_STANDARD = "gnu++20";
				CLANG_ENABLE_MODULES = YES;
				CLANG_ENABLE_OBJC_ARC = YES;
				CLANG_ENABLE_OBJC_WEAK = YES;
				CLANG_WARN_BLOCK_CAPTURE_AUTORELEASING = YES;
				CLANG_WARN_BOOL_CONVERSION = YES;
				CLANG_WARN_COMMA = YES;
				CLANG_WARN_CONSTANT_CONVERSION = YES;
				CLANG_WARN_DEPRECATED_OBJC_IMPLEMENTATIONS = YES;
				CLANG_WARN_DIRECT_OBJC_ISA_USAGE = YES_ERROR;
				CLANG_WARN_DOCUMENTATION_COMMENTS = YES;
				CLANG_WARN_EMPTY_BODY = YES;
				CLANG_WARN_ENUM_CONVERSION = YES;
				CLANG_WARN_INFINITE_RECURSION = YES;
				CLANG_WARN_INT_CONVERSION = YES;
				CLANG_WARN_NON_LITERAL_NULL_CONVERSION = YES;
				CLANG_WARN_OBJC_IMPLICIT_RETAIN_SELF = YES;
				CLANG_WARN_OBJC_LITERAL_CONVERSION = YES;
				CLANG_WARN_OBJC_ROOT_CLASS = YES_ERROR;
				CLANG_WARN_QUOTED_INCLUDE_IN_FRAMEWORK_HEADER = YES;
				CLANG_WARN_RANGE_LOOP_ANALYSIS = YES;
				CLANG_WARN_STRICT_PROTOTYPES = YES;
				CLANG_WARN_SUSPICIOUS_MOVE = YES;
				CLANG_WARN_UNGUARDED_AVAILABILITY = YES_AGGRESSIVE;
				CLANG_WARN_UNREACHABLE_CODE = YES;
				CLANG_WARN__DUPLICATE_METHOD_MATCH = YES;
				COPY_PHASE_STRIP = NO;
				CURRENT_PROJECT_VERSION = 1;
				DEBUG_INFORMATION_FORMAT = dwarf;
				ENABLE_STRICT_OBJC_MSGSEND = YES;
				ENABLE_TESTABILITY = YES;
				ENABLE_USER_SCRIPT_SANDBOXING = YES;
				GCC_C_LANGUAGE_STANDARD = gnu17;
				GCC_DYNAMIC_NO_PIC = NO;
				GCC_NO_COMMON_BLOCKS = YES;
				GCC_OPTIMIZATION_LEVEL = 0;
				GCC_PREPROCESSOR_DEFINITIONS = (
					"DEBUG=1",
					"$(inherited)",
				);
				GCC_WARN_64_TO_32_BIT_CONVERSION = YES;
				GCC_WARN_ABOUT_RETURN_TYPE = YES_ERROR;
				GCC_WARN_UNDECLARED_SELECTOR = YES;
				GCC_WARN_UNINITIALIZED_AUTOS = YES_AGGRESSIVE;
				GCC_WARN_UNUSED_FUNCTION = YES;
				GCC_WARN_UNUSED_VARIABLE = YES;
				LOCALIZATION_PREFERS_STRING_CATALOGS = YES;
				MACOSX_DEPLOYMENT_TARGET = 14.6;
				MTL_ENABLE_DEBUG_INFO = INCLUDE_SOURCE;
				MTL_FAST_MATH = YES;
				ONLY_ACTIVE_ARCH = YES;
				SDKROOT = macosx;
				SWIFT_ACTIVE_COMPILATION_CONDITIONS = "DEBUG $(inherited)";
				SWIFT_OPTIMIZATION_LEVEL = "-Onone";
				VERSIONING_SYSTEM = "apple-generic";
				VERSION_INFO_PREFIX = "";
			};
			name = Debug;
		};
		85824C7E2CDA49C1005D5D19 /* Release */ = {
			isa = XCBuildConfiguration;
			buildSettings = {
				ALWAYS_SEARCH_USER_PATHS = NO;
				ASSETCATALOG_COMPILER_GENERATE_SWIFT_ASSET_SYMBOL_EXTENSIONS = YES;
				CLANG_ANALYZER_LOCALIZABILITY_NONLOCALIZED = YES;
				CLANG_ANALYZER_NONNULL = YES;
				CLANG_ANALYZER_NUMBER_OBJECT_CONVERSION = YES_AGGRESSIVE;
				CLANG_CXX_LANGUAGE_STANDARD = "gnu++20";
				CLANG_ENABLE_MODULES = YES;
				CLANG_ENABLE_OBJC_ARC = YES;
				CLANG_ENABLE_OBJC_WEAK = YES;
				CLANG_WARN_BLOCK_CAPTURE_AUTORELEASING = YES;
				CLANG_WARN_BOOL_CONVERSION = YES;
				CLANG_WARN_COMMA = YES;
				CLANG_WARN_CONSTANT_CONVERSION = YES;
				CLANG_WARN_DEPRECATED_OBJC_IMPLEMENTATIONS = YES;
				CLANG_WARN_DIRECT_OBJC_ISA_USAGE = YES_ERROR;
				CLANG_WARN_DOCUMENTATION_COMMENTS = YES;
				CLANG_WARN_EMPTY_BODY = YES;
				CLANG_WARN_ENUM_CONVERSION = YES;
				CLANG_WARN_INFINITE_RECURSION = YES;
				CLANG_WARN_INT_CONVERSION = YES;
				CLANG_WARN_NON_LITERAL_NULL_CONVERSION = YES;
				CLANG_WARN_OBJC_IMPLICIT_RETAIN_SELF = YES;
				CLANG_WARN_OBJC_LITERAL_CONVERSION = YES;
				CLANG_WARN_OBJC_ROOT_CLASS = YES_ERROR;
				CLANG_WARN_QUOTED_INCLUDE_IN_FRAMEWORK_HEADER = YES;
				CLANG_WARN_RANGE_LOOP_ANALYSIS = YES;
				CLANG_WARN_STRICT_PROTOTYPES = YES;
				CLANG_WARN_SUSPICIOUS_MOVE = YES;
				CLANG_WARN_UNGUARDED_AVAILABILITY = YES_AGGRESSIVE;
				CLANG_WARN_UNREACHABLE_CODE = YES;
				CLANG_WARN__DUPLICATE_METHOD_MATCH = YES;
				COPY_PHASE_STRIP = NO;
				CURRENT_PROJECT_VERSION = 1;
				DEBUG_INFORMATION_FORMAT = "dwarf-with-dsym";
				ENABLE_NS_ASSERTIONS = NO;
				ENABLE_STRICT_OBJC_MSGSEND = YES;
				ENABLE_USER_SCRIPT_SANDBOXING = YES;
				GCC_C_LANGUAGE_STANDARD = gnu17;
				GCC_NO_COMMON_BLOCKS = YES;
				GCC_WARN_64_TO_32_BIT_CONVERSION = YES;
				GCC_WARN_ABOUT_RETURN_TYPE = YES_ERROR;
				GCC_WARN_UNDECLARED_SELECTOR = YES;
				GCC_WARN_UNINITIALIZED_AUTOS = YES_AGGRESSIVE;
				GCC_WARN_UNUSED_FUNCTION = YES;
				GCC_WARN_UNUSED_VARIABLE = YES;
				LOCALIZATION_PREFERS_STRING_CATALOGS = YES;
				MACOSX_DEPLOYMENT_TARGET = 14.6;
				MTL_ENABLE_DEBUG_INFO = NO;
				MTL_FAST_MATH = YES;
				SDKROOT = macosx;
				SWIFT_COMPILATION_MODE = wholemodule;
				VERSIONING_SYSTEM = "apple-generic";
				VERSION_INFO_PREFIX = "";
			};
			name = Release;
		};
		85824CA22CE0D435005D5D19 /* Debug */ = {
			isa = XCBuildConfiguration;
			buildSettings = {
				CODE_SIGN_STYLE = Automatic;
				CURRENT_PROJECT_VERSION = 1;
				GENERATE_INFOPLIST_FILE = YES;
				MARKETING_VERSION = 1.0;
				PRODUCT_BUNDLE_IDENTIFIER = com.EssentialFeedTests;
				PRODUCT_NAME = "$(TARGET_NAME)";
				SUPPORTED_PLATFORMS = "macosx iphonesimulator iphoneos";
				SWIFT_EMIT_LOC_STRINGS = NO;
				SWIFT_VERSION = 5.0;
			};
			name = Debug;
		};
		85824CA32CE0D435005D5D19 /* Release */ = {
			isa = XCBuildConfiguration;
			buildSettings = {
				CODE_SIGN_STYLE = Automatic;
				CURRENT_PROJECT_VERSION = 1;
				GENERATE_INFOPLIST_FILE = YES;
				MARKETING_VERSION = 1.0;
				PRODUCT_BUNDLE_IDENTIFIER = com.EssentialFeedTests;
				PRODUCT_NAME = "$(TARGET_NAME)";
				SUPPORTED_PLATFORMS = "macosx iphonesimulator iphoneos";
				SWIFT_EMIT_LOC_STRINGS = NO;
				SWIFT_VERSION = 5.0;
			};
			name = Release;
		};
		859D54442CFF0403001E9F0A /* Debug */ = {
			isa = XCBuildConfiguration;
			buildSettings = {
				BUILD_LIBRARY_FOR_DISTRIBUTION = YES;
				CODE_SIGN_STYLE = Automatic;
				CURRENT_PROJECT_VERSION = 1;
				DEFINES_MODULE = YES;
				DYLIB_COMPATIBILITY_VERSION = 1;
				DYLIB_CURRENT_VERSION = 1;
				DYLIB_INSTALL_NAME_BASE = "@rpath";
				ENABLE_MODULE_VERIFIER = YES;
				GENERATE_INFOPLIST_FILE = YES;
				INFOPLIST_KEY_NSHumanReadableCopyright = "";
				INSTALL_PATH = "$(LOCAL_LIBRARY_DIR)/Frameworks";
				IPHONEOS_DEPLOYMENT_TARGET = 18.0;
				LD_RUNPATH_SEARCH_PATHS = (
					"$(inherited)",
					"@executable_path/Frameworks",
					"@loader_path/Frameworks",
				);
				MARKETING_VERSION = 1.0;
				MODULE_VERIFIER_SUPPORTED_LANGUAGES = "objective-c objective-c++";
				MODULE_VERIFIER_SUPPORTED_LANGUAGE_STANDARDS = "gnu17 gnu++20";
				PRODUCT_BUNDLE_IDENTIFIER = com.EssentialFeediOS;
				PRODUCT_NAME = "$(TARGET_NAME:c99extidentifier)";
				SDKROOT = iphoneos;
				SKIP_INSTALL = YES;
				SWIFT_EMIT_LOC_STRINGS = YES;
				SWIFT_INSTALL_OBJC_HEADER = NO;
				SWIFT_VERSION = 5.0;
				TARGETED_DEVICE_FAMILY = "1,2";
			};
			name = Debug;
		};
		859D54452CFF0403001E9F0A /* Release */ = {
			isa = XCBuildConfiguration;
			buildSettings = {
				BUILD_LIBRARY_FOR_DISTRIBUTION = YES;
				CODE_SIGN_STYLE = Automatic;
				CURRENT_PROJECT_VERSION = 1;
				DEFINES_MODULE = YES;
				DYLIB_COMPATIBILITY_VERSION = 1;
				DYLIB_CURRENT_VERSION = 1;
				DYLIB_INSTALL_NAME_BASE = "@rpath";
				ENABLE_MODULE_VERIFIER = YES;
				GENERATE_INFOPLIST_FILE = YES;
				INFOPLIST_KEY_NSHumanReadableCopyright = "";
				INSTALL_PATH = "$(LOCAL_LIBRARY_DIR)/Frameworks";
				IPHONEOS_DEPLOYMENT_TARGET = 18.0;
				LD_RUNPATH_SEARCH_PATHS = (
					"$(inherited)",
					"@executable_path/Frameworks",
					"@loader_path/Frameworks",
				);
				MARKETING_VERSION = 1.0;
				MODULE_VERIFIER_SUPPORTED_LANGUAGES = "objective-c objective-c++";
				MODULE_VERIFIER_SUPPORTED_LANGUAGE_STANDARDS = "gnu17 gnu++20";
				PRODUCT_BUNDLE_IDENTIFIER = com.EssentialFeediOS;
				PRODUCT_NAME = "$(TARGET_NAME:c99extidentifier)";
				SDKROOT = iphoneos;
				SKIP_INSTALL = YES;
				SWIFT_EMIT_LOC_STRINGS = YES;
				SWIFT_INSTALL_OBJC_HEADER = NO;
				SWIFT_VERSION = 5.0;
				TARGETED_DEVICE_FAMILY = "1,2";
				VALIDATE_PRODUCT = YES;
			};
			name = Release;
		};
		859D54472CFF0403001E9F0A /* Debug */ = {
			isa = XCBuildConfiguration;
			buildSettings = {
				CLANG_ENABLE_MODULES = YES;
				"CODE_SIGN_IDENTITY[sdk=macosx*]" = "-";
				CODE_SIGN_STYLE = Automatic;
				CURRENT_PROJECT_VERSION = 1;
				GENERATE_INFOPLIST_FILE = YES;
				IPHONEOS_DEPLOYMENT_TARGET = 18.0;
				MARKETING_VERSION = 1.0;
				PRODUCT_BUNDLE_IDENTIFIER = com.EssentialFeediOSTests;
				PRODUCT_NAME = "$(TARGET_NAME)";
				SDKROOT = iphoneos;
				SWIFT_EMIT_LOC_STRINGS = NO;
				SWIFT_OPTIMIZATION_LEVEL = "-Onone";
				SWIFT_VERSION = 5.0;
				TARGETED_DEVICE_FAMILY = "1,2";
			};
			name = Debug;
		};
		859D54482CFF0403001E9F0A /* Release */ = {
			isa = XCBuildConfiguration;
			buildSettings = {
				CLANG_ENABLE_MODULES = YES;
				CODE_SIGN_STYLE = Automatic;
				CURRENT_PROJECT_VERSION = 1;
				GENERATE_INFOPLIST_FILE = YES;
				IPHONEOS_DEPLOYMENT_TARGET = 18.0;
				MARKETING_VERSION = 1.0;
				PRODUCT_BUNDLE_IDENTIFIER = com.EssentialFeediOSTests;
				PRODUCT_NAME = "$(TARGET_NAME)";
				SDKROOT = iphoneos;
				SWIFT_EMIT_LOC_STRINGS = NO;
				SWIFT_VERSION = 5.0;
				TARGETED_DEVICE_FAMILY = "1,2";
				VALIDATE_PRODUCT = YES;
			};
			name = Release;
		};
		85CC3FE92CE4B73900A5C7FA /* Debug */ = {
			isa = XCBuildConfiguration;
			buildSettings = {
				CODE_SIGN_STYLE = Automatic;
				CURRENT_PROJECT_VERSION = 1;
				GENERATE_INFOPLIST_FILE = YES;
				MARKETING_VERSION = 1.0;
				PRODUCT_BUNDLE_IDENTIFIER = com.EssentialFeedAPIEndToEndTests;
				PRODUCT_NAME = "$(TARGET_NAME)";
				SUPPORTED_PLATFORMS = "macosx iphonesimulator iphoneos";
				SWIFT_EMIT_LOC_STRINGS = NO;
				SWIFT_VERSION = 5.0;
			};
			name = Debug;
		};
		85CC3FEA2CE4B73900A5C7FA /* Release */ = {
			isa = XCBuildConfiguration;
			buildSettings = {
				CODE_SIGN_STYLE = Automatic;
				CURRENT_PROJECT_VERSION = 1;
				GENERATE_INFOPLIST_FILE = YES;
				MARKETING_VERSION = 1.0;
				PRODUCT_BUNDLE_IDENTIFIER = com.EssentialFeedAPIEndToEndTests;
				PRODUCT_NAME = "$(TARGET_NAME)";
				SUPPORTED_PLATFORMS = "macosx iphonesimulator iphoneos";
				SWIFT_EMIT_LOC_STRINGS = NO;
				SWIFT_VERSION = 5.0;
			};
			name = Release;
		};
/* End XCBuildConfiguration section */

/* Begin XCConfigurationList section */
		851C38A32CF33D8D0016B995 /* Build configuration list for PBXNativeTarget "EssentialFeedCacheIntegrationTests" */ = {
			isa = XCConfigurationList;
			buildConfigurations = (
				851C38A12CF33D8D0016B995 /* Debug */,
				851C38A22CF33D8D0016B995 /* Release */,
			);
			defaultConfigurationIsVisible = 0;
			defaultConfigurationName = Release;
		};
		85824C612CDA49C1005D5D19 /* Build configuration list for PBXProject "EssentialFeed" */ = {
			isa = XCConfigurationList;
			buildConfigurations = (
				85824C7D2CDA49C1005D5D19 /* Debug */,
				85824C7E2CDA49C1005D5D19 /* Release */,
			);
			defaultConfigurationIsVisible = 0;
			defaultConfigurationName = Release;
		};
		85824C7A2CDA49C1005D5D19 /* Build configuration list for PBXNativeTarget "EssentialFeed" */ = {
			isa = XCConfigurationList;
			buildConfigurations = (
				85824C7B2CDA49C1005D5D19 /* Debug */,
				85824C7C2CDA49C1005D5D19 /* Release */,
			);
			defaultConfigurationIsVisible = 0;
			defaultConfigurationName = Release;
		};
		85824CA12CE0D435005D5D19 /* Build configuration list for PBXNativeTarget "EssentialFeedTests" */ = {
			isa = XCConfigurationList;
			buildConfigurations = (
				85824CA22CE0D435005D5D19 /* Debug */,
				85824CA32CE0D435005D5D19 /* Release */,
			);
			defaultConfigurationIsVisible = 0;
			defaultConfigurationName = Release;
		};
		859D54432CFF0403001E9F0A /* Build configuration list for PBXNativeTarget "EssentialFeediOS" */ = {
			isa = XCConfigurationList;
			buildConfigurations = (
				859D54442CFF0403001E9F0A /* Debug */,
				859D54452CFF0403001E9F0A /* Release */,
			);
			defaultConfigurationIsVisible = 0;
			defaultConfigurationName = Release;
		};
		859D54462CFF0403001E9F0A /* Build configuration list for PBXNativeTarget "EssentialFeediOSTests" */ = {
			isa = XCConfigurationList;
			buildConfigurations = (
				859D54472CFF0403001E9F0A /* Debug */,
				859D54482CFF0403001E9F0A /* Release */,
			);
			defaultConfigurationIsVisible = 0;
			defaultConfigurationName = Release;
		};
		85CC3FE82CE4B73900A5C7FA /* Build configuration list for PBXNativeTarget "EssentialFeedAPIEndToEndTests" */ = {
			isa = XCConfigurationList;
			buildConfigurations = (
				85CC3FE92CE4B73900A5C7FA /* Debug */,
				85CC3FEA2CE4B73900A5C7FA /* Release */,
			);
			defaultConfigurationIsVisible = 0;
			defaultConfigurationName = Release;
		};
/* End XCConfigurationList section */
	};
	rootObject = 85824C5E2CDA49C1005D5D19 /* Project object */;
}
